
Microsoft Visual Studio Solution File, Format Version 12.00
# Visual Studio 15
VisualStudioVersion = 15.0.27428.1
MinimumVisualStudioVersion = 10.0.40219.1
Project("{FAE04EC0-301F-11D3-BF4B-00C04F79EFBC}") = "ConsoleApp1", "ConsoleApp1\ConsoleApp1.csproj", "{5038C46D-AF9B-4968-AFD1-9B9C30951234}"
EndProject
Global
	GlobalSection(SolutionConfigurationPlatforms) = preSolution
		Debug|Any CPU = Debug|Any CPU
		Release|Any CPU = Release|Any CPU
	EndGlobalSection
	GlobalSection(ProjectConfigurationPlatforms) = postSolution
		{5038C46D-AF9B-4968-AFD1-9B9C30951234}.Debug|Any CPU.ActiveCfg = Debug|Any CPU
		{5038C46D-AF9B-4968-AFD1-9B9C30951234}.Debug|Any CPU.Build.0 = Debug|Any CPU
		{5038C46D-AF9B-4968-AFD1-9B9C30951234}.Release|Any CPU.ActiveCfg = Release|Any CPU
		{5038C46D-AF9B-4968-AFD1-9B9C30951234}.Release|Any CPU.Build.0 = Release|Any CPU
	EndGlobalSection
	GlobalSection(SolutionProperties) = preSolution
		HideSolutionNode = FALSE
	EndGlobalSection
	GlobalSection(ExtensibilityGlobals) = postSolution
		SolutionGuid = {91BDB94C-ABCA-4DAF-A37B-46BB9378F6D5}
	EndGlobalSection
EndGlobal
